# THIS IS AN AUTOGENERATED FILE. DO NOT EDIT THIS FILE DIRECTLY.
# yarn lockfile v1


JSONStream@^1.0.3:
  version "1.3.1"
  resolved "https://registry.yarnpkg.com/JSONStream/-/JSONStream-1.3.1.tgz#707f761e01dae9e16f1bcf93703b78c70966579a"
  dependencies:
    jsonparse "^1.2.0"
    through ">=2.2.7 <3"

acorn@^2.3.0, acorn@^2.5.2:
  version "2.7.0"
  resolved "https://registry.yarnpkg.com/acorn/-/acorn-2.7.0.tgz#ab6e7d9d886aaca8b085bc3312b79a198433f0e7"

acorn@^4.0.3:
  version "4.0.13"
  resolved "https://registry.yarnpkg.com/acorn/-/acorn-4.0.13.tgz#105495ae5361d697bd195c825192e1ad7f253787"

amdefine@>=0.0.4:
  version "1.0.1"
  resolved "https://registry.yarnpkg.com/amdefine/-/amdefine-1.0.1.tgz#4a5282ac164729e93619bcfd3ad151f817ce91f5"

browser-pack@^5.0.1:
  version "5.0.1"
  resolved "https://registry.yarnpkg.com/browser-pack/-/browser-pack-5.0.1.tgz#4197719b20c6e0aaa09451c5111e53efb6fbc18d"
  dependencies:
    JSONStream "^1.0.3"
    combine-source-map "~0.6.1"
    defined "^1.0.0"
    through2 "^1.0.0"
    umd "^3.0.0"

browser-resolve@^1.7.0:
  version "1.11.2"
  resolved "https://registry.yarnpkg.com/browser-resolve/-/browser-resolve-1.11.2.tgz#8ff09b0a2c421718a1051c260b32e48f442938ce"
  dependencies:
    resolve "1.1.7"

coffee-script@^1.10.0:
  version "1.12.7"
  resolved "https://registry.yarnpkg.com/coffee-script/-/coffee-script-1.12.7.tgz#c05dae0cb79591d05b3070a8433a98c9a89ccc53"

combine-source-map@~0.6.1:
  version "0.6.1"
  resolved "https://registry.yarnpkg.com/combine-source-map/-/combine-source-map-0.6.1.tgz#9b4a09c316033d768e0f11e029fa2730e079ad96"
  dependencies:
    convert-source-map "~1.1.0"
    inline-source-map "~0.5.0"
    lodash.memoize "~3.0.3"
    source-map "~0.4.2"

commander@0.6.1:
  version "0.6.1"
  resolved "https://registry.yarnpkg.com/commander/-/commander-0.6.1.tgz#fa68a14f6a945d54dbbe50d8cdb3320e9e3b1a06"

commander@2.3.0:
  version "2.3.0"
  resolved "https://registry.yarnpkg.com/commander/-/commander-2.3.0.tgz#fd430e889832ec353b9acd1de217c11cb3eef873"

concat-stream@~1.4.5:
  version "1.4.10"
  resolved "https://registry.yarnpkg.com/concat-stream/-/concat-stream-1.4.10.tgz#acc3bbf5602cb8cc980c6ac840fa7d8603e3ef36"
  dependencies:
    inherits "~2.0.1"
    readable-stream "~1.1.9"
    typedarray "~0.0.5"

convert-source-map@~1.1.0:
  version "1.1.3"
  resolved "https://registry.yarnpkg.com/convert-source-map/-/convert-source-map-1.1.3.tgz#4829c877e9fe49b3161f3bf3673888e204699860"

core-util-is@~1.0.0:
  version "1.0.2"
  resolved "https://registry.yarnpkg.com/core-util-is/-/core-util-is-1.0.2.tgz#b5fd54220aa2bc5ab57aab7140c940754503c1a7"

d@1:
  version "1.0.0"
  resolved "https://registry.yarnpkg.com/d/-/d-1.0.0.tgz#754bb5bfe55451da69a58b94d45f4c5b0462d58f"
  dependencies:
    es5-ext "^0.10.9"

d@~0.1.1:
  version "0.1.1"
  resolved "https://registry.yarnpkg.com/d/-/d-0.1.1.tgz#da184c535d18d8ee7ba2aa229b914009fae11309"
  dependencies:
    es5-ext "~0.10.2"

debug@2.2.0:
  version "2.2.0"
  resolved "https://registry.yarnpkg.com/debug/-/debug-2.2.0.tgz#f87057e995b1a1f6ae6a4960664137bc56f039da"
  dependencies:
    ms "0.7.1"

deep-is@~0.1.3:
  version "0.1.3"
  resolved "https://registry.yarnpkg.com/deep-is/-/deep-is-0.1.3.tgz#b369d6fb5dbc13eecf524f91b070feedc357cf34"

defined@^1.0.0:
  version "1.0.0"
  resolved "https://registry.yarnpkg.com/defined/-/defined-1.0.0.tgz#c98d9bcef75674188e110969151199e39b1fa693"

detective@^4.0.0:
  version "4.5.0"
  resolved "https://registry.yarnpkg.com/detective/-/detective-4.5.0.tgz#6e5a8c6b26e6c7a254b1c6b6d7490d98ec91edd1"
  dependencies:
    acorn "^4.0.3"
    defined "^1.0.0"

diff@1.4.0:
  version "1.4.0"
  resolved "https://registry.yarnpkg.com/diff/-/diff-1.4.0.tgz#7f28d2eb9ee7b15a97efd89ce63dcfdaa3ccbabf"

dumbjs@fabiosantoscode/dumbjs:
  version "1.5.0"
  resolved "https://codeload.github.com/fabiosantoscode/dumbjs/tar.gz/c23d151f99b69b0bd6afc1316f556e9d6dfdce5d"
  dependencies:
    browser-pack "^5.0.1"
    coffee-script "^1.10.0"
    escodegen "^1.8.0"
    escope "^3.2.0"
    esprima "^2.7.2"
    estraverse "^1.9.1"
    event-stream "^3.3.2"
    module-deps "^3.9.1"
    resolve "^1.1.6"
    tern "^0.15.0"
    underscore "^1.8.3"

duplexer2@0.0.2, duplexer2@~0.0.2:
  version "0.0.2"
  resolved "https://registry.yarnpkg.com/duplexer2/-/duplexer2-0.0.2.tgz#c614dcf67e2fb14995a91711e5a617e8a60a31db"
  dependencies:
    readable-stream "~1.1.9"

duplexer@~0.1.1:
  version "0.1.1"
  resolved "https://registry.yarnpkg.com/duplexer/-/duplexer-0.1.1.tgz#ace6ff808c1ce66b57d1ebf97977acb02334cfc1"

es5-ext@^0.10.14, es5-ext@^0.10.9, es5-ext@~0.10.14, es5-ext@~0.10.2, es5-ext@~0.10.5, es5-ext@~0.10.6:
  version "0.10.24"
  resolved "https://registry.yarnpkg.com/es5-ext/-/es5-ext-0.10.24.tgz#a55877c9924bc0c8d9bd3c2cbe17495ac1709b14"
  dependencies:
    es6-iterator "2"
    es6-symbol "~3.1"

es6-iterator@2, es6-iterator@^2.0.1, es6-iterator@~2.0.1:
  version "2.0.1"
  resolved "https://registry.yarnpkg.com/es6-iterator/-/es6-iterator-2.0.1.tgz#8e319c9f0453bf575d374940a655920e59ca5512"
  dependencies:
    d "1"
    es5-ext "^0.10.14"
    es6-symbol "^3.1"

es6-iterator@~0.1.3:
  version "0.1.3"
  resolved "https://registry.yarnpkg.com/es6-iterator/-/es6-iterator-0.1.3.tgz#d6f58b8c4fc413c249b4baa19768f8e4d7c8944e"
  dependencies:
    d "~0.1.1"
    es5-ext "~0.10.5"
    es6-symbol "~2.0.1"

es6-map@^0.1.1, es6-map@^0.1.3:
  version "0.1.5"
  resolved "https://registry.yarnpkg.com/es6-map/-/es6-map-0.1.5.tgz#9136e0503dcc06a301690f0bb14ff4e364e949f0"
  dependencies:
    d "1"
    es5-ext "~0.10.14"
    es6-iterator "~2.0.1"
    es6-set "~0.1.5"
    es6-symbol "~3.1.1"
    event-emitter "~0.3.5"

es6-set@~0.1.5:
  version "0.1.5"
  resolved "https://registry.yarnpkg.com/es6-set/-/es6-set-0.1.5.tgz#d2b3ec5d4d800ced818db538d28974db0a73ccb1"
  dependencies:
    d "1"
    es5-ext "~0.10.14"
    es6-iterator "~2.0.1"
    es6-symbol "3.1.1"
    event-emitter "~0.3.5"

es6-symbol@3.1.1, es6-symbol@^3.1, es6-symbol@^3.1.1, es6-symbol@~3.1, es6-symbol@~3.1.1:
  version "3.1.1"
  resolved "https://registry.yarnpkg.com/es6-symbol/-/es6-symbol-3.1.1.tgz#bf00ef4fdab6ba1b46ecb7b629b4c7ed5715cc77"
  dependencies:
    d "1"
    es5-ext "~0.10.14"

es6-symbol@~2.0.1:
  version "2.0.1"
  resolved "https://registry.yarnpkg.com/es6-symbol/-/es6-symbol-2.0.1.tgz#761b5c67cfd4f1d18afb234f691d678682cb3bf3"
  dependencies:
    d "~0.1.1"
    es5-ext "~0.10.5"

es6-weak-map@^0.1.2:
  version "0.1.4"
  resolved "https://registry.yarnpkg.com/es6-weak-map/-/es6-weak-map-0.1.4.tgz#706cef9e99aa236ba7766c239c8b9e286ea7d228"
  dependencies:
    d "~0.1.1"
    es5-ext "~0.10.6"
    es6-iterator "~0.1.3"
    es6-symbol "~2.0.1"

es6-weak-map@^2.0.1:
  version "2.0.2"
  resolved "https://registry.yarnpkg.com/es6-weak-map/-/es6-weak-map-2.0.2.tgz#5e3ab32251ffd1538a1f8e5ffa1357772f92d96f"
  dependencies:
    d "1"
    es5-ext "^0.10.14"
    es6-iterator "^2.0.1"
    es6-symbol "^3.1.1"

escape-string-regexp@1.0.2:
  version "1.0.2"
  resolved "https://registry.yarnpkg.com/escape-string-regexp/-/escape-string-regexp-1.0.2.tgz#4dbc2fe674e71949caf3fb2695ce7f2dc1d9a8d1"

escodegen@^1.6.1, escodegen@^1.8.0:
  version "1.8.1"
  resolved "https://registry.yarnpkg.com/escodegen/-/escodegen-1.8.1.tgz#5a5b53af4693110bebb0867aa3430dd3b70a1018"
  dependencies:
    esprima "^2.7.1"
    estraverse "^1.9.1"
    esutils "^2.0.2"
    optionator "^0.8.1"
  optionalDependencies:
    source-map "~0.2.0"

escope@^2.0.4:
  version "2.0.7"
  resolved "https://registry.yarnpkg.com/escope/-/escope-2.0.7.tgz#b3dc8e605eddccf1c83ec8cf7cce6d04427ec8eb"
  dependencies:
    es6-map "^0.1.1"
    es6-weak-map "^0.1.2"
    esrecurse "^1.2.0"
    estraverse "^1.9.1"
    util-extend "^1.0.1"

escope@^3.2.0:
  version "3.6.0"
  resolved "https://registry.yarnpkg.com/escope/-/escope-3.6.0.tgz#e01975e812781a163a6dadfdd80398dc64c889c3"
  dependencies:
    es6-map "^0.1.3"
    es6-weak-map "^2.0.1"
    esrecurse "^4.1.0"
    estraverse "^4.1.1"

esprima@^2.0.0, esprima@^2.7.1, esprima@^2.7.2:
  version "2.7.3"
  resolved "https://registry.yarnpkg.com/esprima/-/esprima-2.7.3.tgz#96e3b70d5779f6ad49cd032673d1c312767ba581"

esrecurse@^1.2.0:
  version "1.2.0"
  resolved "https://registry.yarnpkg.com/esrecurse/-/esrecurse-1.2.0.tgz#25e3b3ab76ad8a1da2d38e9393fd76b8456a706f"
  dependencies:
    estraverse ">=1.9.0"

esrecurse@^4.1.0:
  version "4.2.0"
  resolved "https://registry.yarnpkg.com/esrecurse/-/esrecurse-4.2.0.tgz#fa9568d98d3823f9a41d91e902dcab9ea6e5b163"
  dependencies:
    estraverse "^4.1.0"
    object-assign "^4.0.1"

estraverse@>=1.9.0, estraverse@^4.1.0, estraverse@^4.1.1:
  version "4.2.0"
  resolved "https://registry.yarnpkg.com/estraverse/-/estraverse-4.2.0.tgz#0dee3fed31fcd469618ce7342099fc1afa0bdb13"

estraverse@^1.9.1:
  version "1.9.3"
  resolved "https://registry.yarnpkg.com/estraverse/-/estraverse-1.9.3.tgz#af67f2dc922582415950926091a4005d29c9bb44"

esutils@^2.0.2:
  version "2.0.2"
  resolved "https://registry.yarnpkg.com/esutils/-/esutils-2.0.2.tgz#0abf4f1caa5bcb1f7a9d8acc6dea4faaa04bac9b"

event-emitter@~0.3.5:
  version "0.3.5"
  resolved "https://registry.yarnpkg.com/event-emitter/-/event-emitter-0.3.5.tgz#df8c69eef1647923c7157b9ce83840610b02cc39"
  dependencies:
    d "1"
    es5-ext "~0.10.14"

event-stream@^3.3.2:
  version "3.3.4"
  resolved "https://registry.yarnpkg.com/event-stream/-/event-stream-3.3.4.tgz#4ab4c9a0f5a54db9338b4c34d86bfce8f4b35571"
  dependencies:
    duplexer "~0.1.1"
    from "~0"
    map-stream "~0.1.0"
    pause-stream "0.0.11"
    split "0.3"
    stream-combiner "~0.0.4"
    through "~2.3.1"

fast-levenshtein@~2.0.4:
  version "2.0.6"
  resolved "https://registry.yarnpkg.com/fast-levenshtein/-/fast-levenshtein-2.0.6.tgz#3d8a5c66883a16a30ca8643e851f19baa7797917"

from@~0:
  version "0.1.7"
  resolved "https://registry.yarnpkg.com/from/-/from-0.1.7.tgz#83c60afc58b9c56997007ed1a768b3ab303a44fe"

glob@3, glob@3.2.11:
  version "3.2.11"
  resolved "https://registry.yarnpkg.com/glob/-/glob-3.2.11.tgz#4a973f635b9190f715d10987d5c00fd2815ebe3d"
  dependencies:
    inherits "2"
    minimatch "0.3"

growl@1.9.2:
  version "1.9.2"
  resolved "https://registry.yarnpkg.com/growl/-/growl-1.9.2.tgz#0ea7743715db8d8de2c5ede1775e1b45ac85c02f"

inherits@2, inherits@^2.0.1, inherits@~2.0.1:
  version "2.0.3"
  resolved "https://registry.yarnpkg.com/inherits/-/inherits-2.0.3.tgz#633c2c83e3da42a502f52466022480f4208261de"

inline-source-map@~0.5.0:
  version "0.5.0"
  resolved "https://registry.yarnpkg.com/inline-source-map/-/inline-source-map-0.5.0.tgz#4a4c5dd8e4fb5e9b3cda60c822dfadcaee66e0af"
  dependencies:
    source-map "~0.4.0"

isarray@0.0.1:
  version "0.0.1"
  resolved "https://registry.yarnpkg.com/isarray/-/isarray-0.0.1.tgz#8a18acfca9a8f4177e09abfc6038939b05d1eedf"

jade@0.26.3:
  version "0.26.3"
  resolved "https://registry.yarnpkg.com/jade/-/jade-0.26.3.tgz#8f10d7977d8d79f2f6ff862a81b0513ccb25686c"
  dependencies:
    commander "0.6.1"
    mkdirp "0.3.0"

jsonparse@^1.2.0:
  version "1.3.1"
  resolved "https://registry.yarnpkg.com/jsonparse/-/jsonparse-1.3.1.tgz#3f4dae4a91fac315f71062f8521cc239f1366280"

levn@~0.3.0:
  version "0.3.0"
  resolved "https://registry.yarnpkg.com/levn/-/levn-0.3.0.tgz#3b09924edf9f083c0490fdd4c0bc4421e04764ee"
  dependencies:
    prelude-ls "~1.1.2"
    type-check "~0.3.2"

lodash.memoize@~3.0.3:
  version "3.0.4"
  resolved "https://registry.yarnpkg.com/lodash.memoize/-/lodash.memoize-3.0.4.tgz#2dcbd2c287cbc0a55cc42328bd0c736150d53e3f"

lru-cache@2:
  version "2.7.3"
  resolved "https://registry.yarnpkg.com/lru-cache/-/lru-cache-2.7.3.tgz#6d4524e8b955f95d4f5b58851ce21dd72fb4e952"

map-stream@~0.1.0:
  version "0.1.0"
  resolved "https://registry.yarnpkg.com/map-stream/-/map-stream-0.1.0.tgz#e56aa94c4c8055a16404a0674b78f215f7c8e194"

minimatch@0.2:
  version "0.2.14"
  resolved "https://registry.yarnpkg.com/minimatch/-/minimatch-0.2.14.tgz#c74e780574f63c6f9a090e90efbe6ef53a6a756a"
  dependencies:
    lru-cache "2"
    sigmund "~1.0.0"

minimatch@0.3:
  version "0.3.0"
  resolved "https://registry.yarnpkg.com/minimatch/-/minimatch-0.3.0.tgz#275d8edaac4f1bb3326472089e7949c8394699dd"
  dependencies:
    lru-cache "2"
    sigmund "~1.0.0"

minimist@0.0.8:
  version "0.0.8"
  resolved "https://registry.yarnpkg.com/minimist/-/minimist-0.0.8.tgz#857fcabfc3397d2625b8228262e86aa7a011b05d"

minimist@^1.1.0:
  version "1.2.0"
  resolved "https://registry.yarnpkg.com/minimist/-/minimist-1.2.0.tgz#a35008b20f41383eec1fb914f4cd5df79a264284"

mkdirp@0.3.0:
  version "0.3.0"
  resolved "https://registry.yarnpkg.com/mkdirp/-/mkdirp-0.3.0.tgz#1bbf5ab1ba827af23575143490426455f481fe1e"

mkdirp@0.5.1:
  version "0.5.1"
  resolved "https://registry.yarnpkg.com/mkdirp/-/mkdirp-0.5.1.tgz#30057438eac6cf7f8c4767f38648d6697d75c903"
  dependencies:
    minimist "0.0.8"

mocha@^2.3.4:
  version "2.5.3"
  resolved "https://registry.yarnpkg.com/mocha/-/mocha-2.5.3.tgz#161be5bdeb496771eb9b35745050b622b5aefc58"
  dependencies:
    commander "2.3.0"
    debug "2.2.0"
    diff "1.4.0"
    escape-string-regexp "1.0.2"
    glob "3.2.11"
    growl "1.9.2"
    jade "0.26.3"
    mkdirp "0.5.1"
    supports-color "1.2.0"
    to-iso-string "0.0.2"

module-deps@^3.9.1:
  version "3.9.1"
  resolved "https://registry.yarnpkg.com/module-deps/-/module-deps-3.9.1.tgz#ea75caf9199090d25b0d5512b5acacb96e7f87f3"
  dependencies:
    JSONStream "^1.0.3"
    browser-resolve "^1.7.0"
    concat-stream "~1.4.5"
    defined "^1.0.0"
    detective "^4.0.0"
    duplexer2 "0.0.2"
    inherits "^2.0.1"
    parents "^1.0.0"
    readable-stream "^1.1.13"
    resolve "^1.1.3"
    stream-combiner2 "~1.0.0"
    subarg "^1.0.0"
    through2 "^1.0.0"
    xtend "^4.0.0"

ms@0.7.1:
  version "0.7.1"
  resolved "https://registry.yarnpkg.com/ms/-/ms-0.7.1.tgz#9cd13c03adbff25b65effde7ce864ee952017098"

object-assign@^4.0.1:
  version "4.1.1"
  resolved "https://registry.yarnpkg.com/object-assign/-/object-assign-4.1.1.tgz#2109adc7965887cfc05cbbd442cac8bfbb360863"

optionator@^0.8.1:
  version "0.8.2"
  resolved "https://registry.yarnpkg.com/optionator/-/optionator-0.8.2.tgz#364c5e409d3f4d6301d6c0b4c05bba50180aeb64"
  dependencies:
    deep-is "~0.1.3"
    fast-levenshtein "~2.0.4"
    levn "~0.3.0"
    prelude-ls "~1.1.2"
    type-check "~0.3.2"
    wordwrap "~1.0.0"

parents@^1.0.0:
  version "1.0.1"
  resolved "https://registry.yarnpkg.com/parents/-/parents-1.0.1.tgz#fedd4d2bf193a77745fe71e371d73c3307d9c751"
  dependencies:
    path-platform "~0.11.15"

path-parse@^1.0.5:
  version "1.0.5"
  resolved "https://registry.yarnpkg.com/path-parse/-/path-parse-1.0.5.tgz#3c1adf871ea9cd6c9431b6ea2bd74a0ff055c4c1"

path-platform@~0.11.15:
  version "0.11.15"
  resolved "https://registry.yarnpkg.com/path-platform/-/path-platform-0.11.15.tgz#e864217f74c36850f0852b78dc7bf7d4a5721bf2"

pause-stream@0.0.11:
  version "0.0.11"
  resolved "https://registry.yarnpkg.com/pause-stream/-/pause-stream-0.0.11.tgz#fe5a34b0cbce12b5aa6a2b403ee2e73b602f1445"
  dependencies:
    through "~2.3"

prelude-ls@~1.1.2:
  version "1.1.2"
  resolved "https://registry.yarnpkg.com/prelude-ls/-/prelude-ls-1.1.2.tgz#21932a549f5e52ffd9a827f570e04be62a97da54"

"readable-stream@>=1.1.13-1 <1.2.0-0", readable-stream@^1.1.13, readable-stream@~1.1.9:
  version "1.1.14"
  resolved "https://registry.yarnpkg.com/readable-stream/-/readable-stream-1.1.14.tgz#7cf4c54ef648e3813084c636dd2079e166c081d9"
  dependencies:
    core-util-is "~1.0.0"
    inherits "~2.0.1"
    isarray "0.0.1"
    string_decoder "~0.10.x"

readable-stream@~1.0.17:
  version "1.0.34"
  resolved "https://registry.yarnpkg.com/readable-stream/-/readable-stream-1.0.34.tgz#125820e34bc842d2f2aaafafe4c2916ee32c157c"
  dependencies:
    core-util-is "~1.0.0"
    inherits "~2.0.1"
    isarray "0.0.1"
    string_decoder "~0.10.x"

resolve@1.1.7:
  version "1.1.7"
  resolved "https://registry.yarnpkg.com/resolve/-/resolve-1.1.7.tgz#203114d82ad2c5ed9e8e0411b3932875e889e97b"

resolve@^1.1.3, resolve@^1.1.6:
  version "1.4.0"
  resolved "https://registry.yarnpkg.com/resolve/-/resolve-1.4.0.tgz#a75be01c53da25d934a98ebd0e4c4a7312f92a86"
  dependencies:
    path-parse "^1.0.5"

sigmund@~1.0.0:
  version "1.0.1"
  resolved "https://registry.yarnpkg.com/sigmund/-/sigmund-1.0.1.tgz#3ff21f198cad2175f9f3b781853fd94d0d19b590"

source-map@~0.2.0:
  version "0.2.0"
  resolved "https://registry.yarnpkg.com/source-map/-/source-map-0.2.0.tgz#dab73fbcfc2ba819b4de03bd6f6eaa48164b3f9d"
  dependencies:
    amdefine ">=0.0.4"

source-map@~0.4.0, source-map@~0.4.2:
  version "0.4.4"
  resolved "https://registry.yarnpkg.com/source-map/-/source-map-0.4.4.tgz#eba4f5da9c0dc999de68032d8b4f76173652036b"
  dependencies:
    amdefine ">=0.0.4"

split@0.3:
  version "0.3.3"
  resolved "https://registry.yarnpkg.com/split/-/split-0.3.3.tgz#cd0eea5e63a211dfff7eb0f091c4133e2d0dd28f"
  dependencies:
    through "2"

stream-combiner2@~1.0.0:
  version "1.0.2"
  resolved "https://registry.yarnpkg.com/stream-combiner2/-/stream-combiner2-1.0.2.tgz#ba72a6b50cbfabfa950fc8bc87604bd01eb60671"
  dependencies:
    duplexer2 "~0.0.2"
    through2 "~0.5.1"

stream-combiner@~0.0.4:
  version "0.0.4"
  resolved "https://registry.yarnpkg.com/stream-combiner/-/stream-combiner-0.0.4.tgz#4d5e433c185261dde623ca3f44c586bcf5c4ad14"
  dependencies:
    duplexer "~0.1.1"

string_decoder@~0.10.x:
  version "0.10.31"
  resolved "https://registry.yarnpkg.com/string_decoder/-/string_decoder-0.10.31.tgz#62e203bc41766c6c28c9fc84301dab1c5310fa94"

subarg@^1.0.0:
  version "1.0.0"
  resolved "https://registry.yarnpkg.com/subarg/-/subarg-1.0.0.tgz#f62cf17581e996b48fc965699f54c06ae268b8d2"
  dependencies:
    minimist "^1.1.0"

supports-color@1.2.0:
  version "1.2.0"
  resolved "https://registry.yarnpkg.com/supports-color/-/supports-color-1.2.0.tgz#ff1ed1e61169d06b3cf2d588e188b18d8847e17e"

tern@^0.15.0:
  version "0.15.0"
  resolved "https://registry.yarnpkg.com/tern/-/tern-0.15.0.tgz#682762384c09b110545ab9101e1977ff28ef7c15"
  dependencies:
    acorn "^2.3.0"
    glob "3"
    minimatch "0.2"
    typescript "=1.0.1"

tern@^0.16.0:
  version "0.16.0"
  resolved "https://registry.yarnpkg.com/tern/-/tern-0.16.0.tgz#c695b4092a724b95d09b75cffb50780876452a16"
  dependencies:
    acorn "^2.5.2"
    glob "3"
    minimatch "0.2"
    typescript "=1.0.1"

through2@^1.0.0:
  version "1.1.1"
  resolved "https://registry.yarnpkg.com/through2/-/through2-1.1.1.tgz#0847cbc4449f3405574dbdccd9bb841b83ac3545"
  dependencies:
    readable-stream ">=1.1.13-1 <1.2.0-0"
    xtend ">=4.0.0 <4.1.0-0"

through2@~0.5.1:
  version "0.5.1"
  resolved "https://registry.yarnpkg.com/through2/-/through2-0.5.1.tgz#dfdd012eb9c700e2323fd334f38ac622ab372da7"
  dependencies:
    readable-stream "~1.0.17"
    xtend "~3.0.0"

through@2, "through@>=2.2.7 <3", through@~2.3, through@~2.3.1:
  version "2.3.8"
  resolved "https://registry.yarnpkg.com/through/-/through-2.3.8.tgz#0dd4c9ffaabc357960b1b724115d7e0e86a2e1f5"

to-iso-string@0.0.2:
  version "0.0.2"
  resolved "https://registry.yarnpkg.com/to-iso-string/-/to-iso-string-0.0.2.tgz#4dc19e664dfccbe25bd8db508b00c6da158255d1"

type-check@~0.3.2:
  version "0.3.2"
  resolved "https://registry.yarnpkg.com/type-check/-/type-check-0.3.2.tgz#5884cab512cf1d355e3fb784f30804b2b520db72"
  dependencies:
    prelude-ls "~1.1.2"

typedarray@~0.0.5:
  version "0.0.6"
  resolved "https://registry.yarnpkg.com/typedarray/-/typedarray-0.0.6.tgz#867ac74e3864187b1d3d47d996a78ec5c8830777"

typescript@=1.0.1:
  version "1.0.1"
  resolved "https://registry.yarnpkg.com/typescript/-/typescript-1.0.1.tgz#e8eacde3084a091d3fe29b60ac5862252662a25a"

umd@^3.0.0:
  version "3.0.1"
  resolved "https://registry.yarnpkg.com/umd/-/umd-3.0.1.tgz#8ae556e11011f63c2596708a8837259f01b3d60e"

underscore@^1.8.3:
  version "1.8.3"
  resolved "https://registry.yarnpkg.com/underscore/-/underscore-1.8.3.tgz#4f3fb53b106e6097fcf9cb4109f2a5e9bdfa5022"

util-extend@^1.0.1:
  version "1.0.3"
  resolved "https://registry.yarnpkg.com/util-extend/-/util-extend-1.0.3.tgz#a7c216d267545169637b3b6edc6ca9119e2ff93f"

wordwrap@~1.0.0:
  version "1.0.0"
  resolved "https://registry.yarnpkg.com/wordwrap/-/wordwrap-1.0.0.tgz#27584810891456a4171c8d0226441ade90cbcaeb"

"xtend@>=4.0.0 <4.1.0-0", xtend@^4.0.0:
  version "4.0.1"
  resolved "https://registry.yarnpkg.com/xtend/-/xtend-4.0.1.tgz#a5c6d532be656e23db820efb943a1f04998d63af"

xtend@~3.0.0:
  version "3.0.0"
  resolved "https://registry.yarnpkg.com/xtend/-/xtend-3.0.0.tgz#5cce7407baf642cba7becda568111c493f59665a"
